
Microsoft Visual Studio Solution File, Format Version 12.00
# Visual Studio Version 17
VisualStudioVersion = 17.5.33516.290
MinimumVisualStudioVersion = 10.0.40219.1
Project("{FAE04EC0-301F-11D3-BF4B-00C04F79EFBC}") = "LOGINGONZLAERZ", "LOGINGONZLAERZ\LOGINGONZLAERZ.csproj", "{58F96C08-26A1-491E-ADA3-3B32B0336EDA}"
EndProject
Global
	GlobalSection(SolutionConfigurationPlatforms) = preSolution
		Debug|Any CPU = Debug|Any CPU
		Release|Any CPU = Release|Any CPU
	EndGlobalSection
	GlobalSection(ProjectConfigurationPlatforms) = postSolution
		{58F96C08-26A1-491E-ADA3-3B32B0336EDA}.Debug|Any CPU.ActiveCfg = Debug|Any CPU
		{58F96C08-26A1-491E-ADA3-3B32B0336EDA}.Debug|Any CPU.Build.0 = Debug|Any CPU
		{58F96C08-26A1-491E-ADA3-3B32B0336EDA}.Release|Any CPU.ActiveCfg = Release|Any CPU
		{58F96C08-26A1-491E-ADA3-3B32B0336EDA}.Release|Any CPU.Build.0 = Release|Any CPU
	EndGlobalSection
	GlobalSection(SolutionProperties) = preSolution
		HideSolutionNode = FALSE
	EndGlobalSection
	GlobalSection(ExtensibilityGlobals) = postSolution
		SolutionGuid = {601F994B-6119-45A9-B7D4-35EB1ED356EB}
	EndGlobalSection
EndGlobal
